
Microsoft Visual Studio Solution File, Format Version 12.00
# Visual Studio Version 17
VisualStudioVersion = 17.3.32922.545
MinimumVisualStudioVersion = 10.0.40219.1
Project("{888888A0-9F3D-457C-B088-3A5042F75D52}") = "Veri_Yapilari_Ders7", "Veri_Yapilari_Ders7\Veri_Yapilari_Ders7.pyproj", "{C9989D86-0D20-4458-A815-A1786F7BD1A1}"
EndProject
Global
	GlobalSection(SolutionConfigurationPlatforms) = preSolution
		Debug|Any CPU = Debug|Any CPU
		Release|Any CPU = Release|Any CPU
	EndGlobalSection
	GlobalSection(ProjectConfigurationPlatforms) = postSolution
		{C9989D86-0D20-4458-A815-A1786F7BD1A1}.Debug|Any CPU.ActiveCfg = Debug|Any CPU
		{C9989D86-0D20-4458-A815-A1786F7BD1A1}.Release|Any CPU.ActiveCfg = Release|Any CPU
	EndGlobalSection
	GlobalSection(SolutionProperties) = preSolution
		HideSolutionNode = FALSE
	EndGlobalSection
	GlobalSection(ExtensibilityGlobals) = postSolution
		SolutionGuid = {8F42CDB5-6B78-45B3-A892-95231A717644}
	EndGlobalSection
EndGlobal
